
Microsoft Visual Studio Solution File, Format Version 12.00
Project("{FAE04EC0-301F-11D3-BF4B-00C04F79EFBC}") = "ResilientQueue", "ResilientQueue\ResilientQueue.csproj", "{0769C1FD-B0FA-41FB-AAC4-A11C5086F4EB}"
EndProject
Project("{FAE04EC0-301F-11D3-BF4B-00C04F79EFBC}") = "ResilientQueue.Example", "ResilientQueue.Example\ResilientQueue.Example.csproj", "{BAF32E98-4DDA-445A-B175-3F39CF12137B}"
EndProject
Global
	GlobalSection(SolutionConfigurationPlatforms) = preSolution
		Debug|Any CPU = Debug|Any CPU
		Release|Any CPU = Release|Any CPU
	EndGlobalSection
	GlobalSection(ProjectConfigurationPlatforms) = postSolution
		{0769C1FD-B0FA-41FB-AAC4-A11C5086F4EB}.Debug|Any CPU.ActiveCfg = Debug|Any CPU
		{0769C1FD-B0FA-41FB-AAC4-A11C5086F4EB}.Debug|Any CPU.Build.0 = Debug|Any CPU
		{0769C1FD-B0FA-41FB-AAC4-A11C5086F4EB}.Release|Any CPU.ActiveCfg = Release|Any CPU
		{0769C1FD-B0FA-41FB-AAC4-A11C5086F4EB}.Release|Any CPU.Build.0 = Release|Any CPU
		{BAF32E98-4DDA-445A-B175-3F39CF12137B}.Debug|Any CPU.ActiveCfg = Debug|Any CPU
		{BAF32E98-4DDA-445A-B175-3F39CF12137B}.Debug|Any CPU.Build.0 = Debug|Any CPU
		{BAF32E98-4DDA-445A-B175-3F39CF12137B}.Release|Any CPU.ActiveCfg = Release|Any CPU
		{BAF32E98-4DDA-445A-B175-3F39CF12137B}.Release|Any CPU.Build.0 = Release|Any CPU
	EndGlobalSection
EndGlobal
